
Microsoft Visual Studio Solution File, Format Version 12.00
# Visual Studio Version 17
VisualStudioVersion = 17.8.34511.84
MinimumVisualStudioVersion = 10.0.40219.1
Project("{2150E333-8FDC-42A3-9474-1A3956D46DE8}") = "Core", "Core", "{9EB5EC9E-A98D-4215-809D-7E2A147F45B9}"
EndProject
Project("{2150E333-8FDC-42A3-9474-1A3956D46DE8}") = "Infrastructure", "Infrastructure", "{B75EBF63-0D1E-4A3C-915A-EAC139D8F401}"
EndProject
Project("{2150E333-8FDC-42A3-9474-1A3956D46DE8}") = "Presentation", "Presentation", "{EA3C139A-0800-419F-9BF4-65E423BAAF62}"
EndProject
Project("{9A19103F-16F7-4668-BE54-9A1E7A4F7556}") = "CleanArchSample.Domain", "Core\CleanArchSample.Domain\CleanArchSample.Domain.csproj", "{0C278EA7-88A9-4ABA-96FA-F3FDD4A0CD10}"
EndProject
Project("{9A19103F-16F7-4668-BE54-9A1E7A4F7556}") = "CleanArchSample.Application", "Core\CleanArchSample.Application\CleanArchSample.Application.csproj", "{A1DC1EC9-5932-406E-81A4-D295BE7DC91D}"
EndProject
Project("{9A19103F-16F7-4668-BE54-9A1E7A4F7556}") = "CleanArchSample.Infrastructure", "Infrastructure\CleanArchSample.Infrastructure\CleanArchSample.Infrastructure.csproj", "{363050A3-C494-4491-8464-49FCE32F7EA3}"
EndProject
Project("{9A19103F-16F7-4668-BE54-9A1E7A4F7556}") = "CleanArchSample.Persistence", "Infrastructure\CleanArchSample.Persistence\CleanArchSample.Persistence.csproj", "{B6D28218-EAB6-4EDD-8F5D-6CF045993CC3}"
EndProject
Project("{9A19103F-16F7-4668-BE54-9A1E7A4F7556}") = "CleanArchSample.Api", "Presentation\CleanArchSample.Api\CleanArchSample.Api.csproj", "{46041353-8BFD-46AB-9787-C6FD732C59B3}"
EndProject
Project("{2150E333-8FDC-42A3-9474-1A3956D46DE8}") = "Test", "Test", "{43FBD79F-65F8-46C2-86CE-C5D9F892A133}"
EndProject
Project("{FAE04EC0-301F-11D3-BF4B-00C04F79EFBC}") = "CleanArchSample.Application.UnitTests", "Test\CleanArchSample.Application.UnitTests\CleanArchSample.Application.UnitTests.csproj", "{9B80370D-673C-4B3F-83CE-535311A5EDA6}"
EndProject
Global
	GlobalSection(SolutionConfigurationPlatforms) = preSolution
		Debug|Any CPU = Debug|Any CPU
		Release|Any CPU = Release|Any CPU
	EndGlobalSection
	GlobalSection(ProjectConfigurationPlatforms) = postSolution
		{0C278EA7-88A9-4ABA-96FA-F3FDD4A0CD10}.Debug|Any CPU.ActiveCfg = Debug|Any CPU
		{0C278EA7-88A9-4ABA-96FA-F3FDD4A0CD10}.Debug|Any CPU.Build.0 = Debug|Any CPU
		{0C278EA7-88A9-4ABA-96FA-F3FDD4A0CD10}.Release|Any CPU.ActiveCfg = Release|Any CPU
		{0C278EA7-88A9-4ABA-96FA-F3FDD4A0CD10}.Release|Any CPU.Build.0 = Release|Any CPU
		{A1DC1EC9-5932-406E-81A4-D295BE7DC91D}.Debug|Any CPU.ActiveCfg = Debug|Any CPU
		{A1DC1EC9-5932-406E-81A4-D295BE7DC91D}.Debug|Any CPU.Build.0 = Debug|Any CPU
		{A1DC1EC9-5932-406E-81A4-D295BE7DC91D}.Release|Any CPU.ActiveCfg = Release|Any CPU
		{A1DC1EC9-5932-406E-81A4-D295BE7DC91D}.Release|Any CPU.Build.0 = Release|Any CPU
		{363050A3-C494-4491-8464-49FCE32F7EA3}.Debug|Any CPU.ActiveCfg = Debug|Any CPU
		{363050A3-C494-4491-8464-49FCE32F7EA3}.Debug|Any CPU.Build.0 = Debug|Any CPU
		{363050A3-C494-4491-8464-49FCE32F7EA3}.Release|Any CPU.ActiveCfg = Release|Any CPU
		{363050A3-C494-4491-8464-49FCE32F7EA3}.Release|Any CPU.Build.0 = Release|Any CPU
		{B6D28218-EAB6-4EDD-8F5D-6CF045993CC3}.Debug|Any CPU.ActiveCfg = Debug|Any CPU
		{B6D28218-EAB6-4EDD-8F5D-6CF045993CC3}.Debug|Any CPU.Build.0 = Debug|Any CPU
		{B6D28218-EAB6-4EDD-8F5D-6CF045993CC3}.Release|Any CPU.ActiveCfg = Release|Any CPU
		{B6D28218-EAB6-4EDD-8F5D-6CF045993CC3}.Release|Any CPU.Build.0 = Release|Any CPU
		{46041353-8BFD-46AB-9787-C6FD732C59B3}.Debug|Any CPU.ActiveCfg = Debug|Any CPU
		{46041353-8BFD-46AB-9787-C6FD732C59B3}.Debug|Any CPU.Build.0 = Debug|Any CPU
		{46041353-8BFD-46AB-9787-C6FD732C59B3}.Release|Any CPU.ActiveCfg = Release|Any CPU
		{46041353-8BFD-46AB-9787-C6FD732C59B3}.Release|Any CPU.Build.0 = Release|Any CPU
		{9B80370D-673C-4B3F-83CE-535311A5EDA6}.Debug|Any CPU.ActiveCfg = Debug|Any CPU
		{9B80370D-673C-4B3F-83CE-535311A5EDA6}.Debug|Any CPU.Build.0 = Debug|Any CPU
		{9B80370D-673C-4B3F-83CE-535311A5EDA6}.Release|Any CPU.ActiveCfg = Release|Any CPU
		{9B80370D-673C-4B3F-83CE-535311A5EDA6}.Release|Any CPU.Build.0 = Release|Any CPU
	EndGlobalSection
	GlobalSection(SolutionProperties) = preSolution
		HideSolutionNode = FALSE
	EndGlobalSection
	GlobalSection(NestedProjects) = preSolution
		{0C278EA7-88A9-4ABA-96FA-F3FDD4A0CD10} = {9EB5EC9E-A98D-4215-809D-7E2A147F45B9}
		{A1DC1EC9-5932-406E-81A4-D295BE7DC91D} = {9EB5EC9E-A98D-4215-809D-7E2A147F45B9}
		{363050A3-C494-4491-8464-49FCE32F7EA3} = {B75EBF63-0D1E-4A3C-915A-EAC139D8F401}
		{B6D28218-EAB6-4EDD-8F5D-6CF045993CC3} = {B75EBF63-0D1E-4A3C-915A-EAC139D8F401}
		{46041353-8BFD-46AB-9787-C6FD732C59B3} = {EA3C139A-0800-419F-9BF4-65E423BAAF62}
		{9B80370D-673C-4B3F-83CE-535311A5EDA6} = {43FBD79F-65F8-46C2-86CE-C5D9F892A133}
	EndGlobalSection
	GlobalSection(ExtensibilityGlobals) = postSolution
		SolutionGuid = {9F8F2A96-D038-4B41-ABA3-218C21E5157F}
	EndGlobalSection
EndGlobal
